// !$*UTF8*$!
{
	archiveVersion = 1;
	classes = {
	};
	objectVersion = 56;
	objects = {

/* Begin PBXBuildFile section */
		70A089F42C0A765C007842CF /* AppDelegate.swift in Sources */ = {isa = PBXBuildFile; fileRef = 70A089F32C0A765C007842CF /* AppDelegate.swift */; };
		70A089F62C0A765C007842CF /* SceneDelegate.swift in Sources */ = {isa = PBXBuildFile; fileRef = 70A089F52C0A765C007842CF /* SceneDelegate.swift */; };
		70A089F82C0A765C007842CF /* HomeViewController.swift in Sources */ = {isa = PBXBuildFile; fileRef = 70A089F72C0A765C007842CF /* HomeViewController.swift */; };
		70A089FB2C0A765C007842CF /* Base in Resources */ = {isa = PBXBuildFile; fileRef = 70A089FA2C0A765C007842CF /* Base */; };
		70A089FD2C0A765D007842CF /* Assets.xcassets in Resources */ = {isa = PBXBuildFile; fileRef = 70A089FC2C0A765D007842CF /* Assets.xcassets */; };
		70A08A002C0A765D007842CF /* Base in Resources */ = {isa = PBXBuildFile; fileRef = 70A089FF2C0A765D007842CF /* Base */; };
		70A3942B2C13EDEA00B11EA8 /* DetailsViewController.swift in Sources */ = {isa = PBXBuildFile; fileRef = 70A3942A2C13EDEA00B11EA8 /* DetailsViewController.swift */; };
		70A3942D2C13EE2800B11EA8 /* OrderViewController.swift in Sources */ = {isa = PBXBuildFile; fileRef = 70A3942C2C13EE2800B11EA8 /* OrderViewController.swift */; };
		70A3942F2C13EE6F00B11EA8 /* RewardsViewController.swift in Sources */ = {isa = PBXBuildFile; fileRef = 70A3942E2C13EE6F00B11EA8 /* RewardsViewController.swift */; };
		70A394312C13EEAC00B11EA8 /* RecommendationViewController.swift in Sources */ = {isa = PBXBuildFile; fileRef = 70A394302C13EEAC00B11EA8 /* RecommendationViewController.swift */; };
		70A394332C13EED600B11EA8 /* OrderTrackViewController.swift in Sources */ = {isa = PBXBuildFile; fileRef = 70A394322C13EED600B11EA8 /* OrderTrackViewController.swift */; };
		70A394352C13EF0D00B11EA8 /* StoreLocatorViewController.swift in Sources */ = {isa = PBXBuildFile; fileRef = 70A394342C13EF0D00B11EA8 /* StoreLocatorViewController.swift */; };
		70A394372C13EF4800B11EA8 /* FeedbackViewController.swift in Sources */ = {isa = PBXBuildFile; fileRef = 70A394362C13EF4800B11EA8 /* FeedbackViewController.swift */; };
		70A394392C13EF8600B11EA8 /* SocialSharingViewController.swift in Sources */ = {isa = PBXBuildFile; fileRef = 70A394382C13EF8600B11EA8 /* SocialSharingViewController.swift */; };
		70A3943B2C13F05200B11EA8 /* PaymentViewController.swift in Sources */ = {isa = PBXBuildFile; fileRef = 70A3943A2C13F05200B11EA8 /* PaymentViewController.swift */; };
/* End PBXBuildFile section */

/* Begin PBXFileReference section */
		70A089F02C0A765C007842CF /* FrostySwirls.app */ = {isa = PBXFileReference; explicitFileType = wrapper.application; includeInIndex = 0; path = FrostySwirls.app; sourceTree = BUILT_PRODUCTS_DIR; };
		70A089F32C0A765C007842CF /* AppDelegate.swift */ = {isa = PBXFileReference; lastKnownFileType = sourcecode.swift; path = AppDelegate.swift; sourceTree = "<group>"; };
		70A089F52C0A765C007842CF /* SceneDelegate.swift */ = {isa = PBXFileReference; lastKnownFileType = sourcecode.swift; path = SceneDelegate.swift; sourceTree = "<group>"; };
		70A089F72C0A765C007842CF /* HomeViewController.swift */ = {isa = PBXFileReference; lastKnownFileType = sourcecode.swift; path = HomeViewController.swift; sourceTree = "<group>"; };
		70A089FA2C0A765C007842CF /* Base */ = {isa = PBXFileReference; lastKnownFileType = file.storyboard; name = Base; path = Base.lproj/Main.storyboard; sourceTree = "<group>"; };
		70A089FC2C0A765D007842CF /* Assets.xcassets */ = {isa = PBXFileReference; lastKnownFileType = folder.assetcatalog; path = Assets.xcassets; sourceTree = "<group>"; };
		70A089FF2C0A765D007842CF /* Base */ = {isa = PBXFileReference; lastKnownFileType = file.storyboard; name = Base; path = Base.lproj/LaunchScreen.storyboard; sourceTree = "<group>"; };
		70A08A012C0A765D007842CF /* Info.plist */ = {isa = PBXFileReference; lastKnownFileType = text.plist.xml; path = Info.plist; sourceTree = "<group>"; };
		70A3942A2C13EDEA00B11EA8 /* DetailsViewController.swift */ = {isa = PBXFileReference; lastKnownFileType = sourcecode.swift; path = DetailsViewController.swift; sourceTree = "<group>"; };
		70A3942C2C13EE2800B11EA8 /* OrderViewController.swift */ = {isa = PBXFileReference; lastKnownFileType = sourcecode.swift; path = OrderViewController.swift; sourceTree = "<group>"; };
		70A3942E2C13EE6F00B11EA8 /* RewardsViewController.swift */ = {isa = PBXFileReference; lastKnownFileType = sourcecode.swift; path = RewardsViewController.swift; sourceTree = "<group>"; };
		70A394302C13EEAC00B11EA8 /* RecommendationViewController.swift */ = {isa = PBXFileReference; lastKnownFileType = sourcecode.swift; path = RecommendationViewController.swift; sourceTree = "<group>"; };
		70A394322C13EED600B11EA8 /* OrderTrackViewController.swift */ = {isa = PBXFileReference; lastKnownFileType = sourcecode.swift; path = OrderTrackViewController.swift; sourceTree = "<group>"; };
		70A394342C13EF0D00B11EA8 /* StoreLocatorViewController.swift */ = {isa = PBXFileReference; lastKnownFileType = sourcecode.swift; path = StoreLocatorViewController.swift; sourceTree = "<group>"; };
		70A394362C13EF4800B11EA8 /* FeedbackViewController.swift */ = {isa = PBXFileReference; lastKnownFileType = sourcecode.swift; path = FeedbackViewController.swift; sourceTree = "<group>"; };
		70A394382C13EF8600B11EA8 /* SocialSharingViewController.swift */ = {isa = PBXFileReference; lastKnownFileType = sourcecode.swift; path = SocialSharingViewController.swift; sourceTree = "<group>"; };
		70A3943A2C13F05200B11EA8 /* PaymentViewController.swift */ = {isa = PBXFileReference; lastKnownFileType = sourcecode.swift; path = PaymentViewController.swift; sourceTree = "<group>"; };
/* End PBXFileReference section */

/* Begin PBXFrameworksBuildPhase section */
		70A089ED2C0A765C007842CF /* Frameworks */ = {
			isa = PBXFrameworksBuildPhase;
			buildActionMask = 2147483647;
			files = (
			);
			runOnlyForDeploymentPostprocessing = 0;
		};
/* End PBXFrameworksBuildPhase section */

/* Begin PBXGroup section */
		70A089E72C0A765B007842CF = {
			isa = PBXGroup;
			children = (
				70A089F22C0A765C007842CF /* FrostySwirls */,
				70A089F12C0A765C007842CF /* Products */,
			);
			sourceTree = "<group>";
		};
		70A089F12C0A765C007842CF /* Products */ = {
			isa = PBXGroup;
			children = (
				70A089F02C0A765C007842CF /* FrostySwirls.app */,
			);
			name = Products;
			sourceTree = "<group>";
		};
		70A089F22C0A765C007842CF /* FrostySwirls */ = {
			isa = PBXGroup;
			children = (
				70A089F32C0A765C007842CF /* AppDelegate.swift */,
				70A089F52C0A765C007842CF /* SceneDelegate.swift */,
				70A089F72C0A765C007842CF /* HomeViewController.swift */,
				70A089F92C0A765C007842CF /* Main.storyboard */,
				70A3943A2C13F05200B11EA8 /* PaymentViewController.swift */,
				70A394322C13EED600B11EA8 /* OrderTrackViewController.swift */,
				70A394302C13EEAC00B11EA8 /* RecommendationViewController.swift */,
				70A3942C2C13EE2800B11EA8 /* OrderViewController.swift */,
				70A089FC2C0A765D007842CF /* Assets.xcassets */,
				70A089FE2C0A765D007842CF /* LaunchScreen.storyboard */,
				70A08A012C0A765D007842CF /* Info.plist */,
				70A3942A2C13EDEA00B11EA8 /* DetailsViewController.swift */,
				70A3942E2C13EE6F00B11EA8 /* RewardsViewController.swift */,
				70A394342C13EF0D00B11EA8 /* StoreLocatorViewController.swift */,
				70A394362C13EF4800B11EA8 /* FeedbackViewController.swift */,
				70A394382C13EF8600B11EA8 /* SocialSharingViewController.swift */,
			);
			path = FrostySwirls;
			sourceTree = "<group>";
		};
/* End PBXGroup section */

/* Begin PBXNativeTarget section */
		70A089EF2C0A765C007842CF /* FrostySwirls */ = {
			isa = PBXNativeTarget;
			buildConfigurationList = 70A08A042C0A765D007842CF /* Build configuration list for PBXNativeTarget "FrostySwirls" */;
			buildPhases = (
				70A089EC2C0A765C007842CF /* Sources */,
				70A089ED2C0A765C007842CF /* Frameworks */,
				70A089EE2C0A765C007842CF /* Resources */,
			);
			buildRules = (
			);
			dependencies = (
			);
			name = FrostySwirls;
			productName = FrostySwirls;
			productReference = 70A089F02C0A765C007842CF /* FrostySwirls.app */;
			productType = "com.apple.product-type.application";
		};
/* End PBXNativeTarget section */

/* Begin PBXProject section */
		70A089E82C0A765C007842CF /* Project object */ = {
			isa = PBXProject;
			attributes = {
				BuildIndependentTargetsInParallel = 1;
				LastSwiftUpdateCheck = 1530;
				LastUpgradeCheck = 1530;
				TargetAttributes = {
					70A089EF2C0A765C007842CF = {
						CreatedOnToolsVersion = 15.3;
					};
				};
			};
			buildConfigurationList = 70A089EB2C0A765C007842CF /* Build configuration list for PBXProject "FrostySwirls" */;
			compatibilityVersion = "Xcode 14.0";
			developmentRegion = en;
			hasScannedForEncodings = 0;
			knownRegions = (
				en,
				Base,
			);
			mainGroup = 70A089E72C0A765B007842CF;
			productRefGroup = 70A089F12C0A765C007842CF /* Products */;
			projectDirPath = "";
			projectRoot = "";
			targets = (
				70A089EF2C0A765C007842CF /* FrostySwirls */,
			);
		};
/* End PBXProject section */

/* Begin PBXResourcesBuildPhase section */
		70A089EE2C0A765C007842CF /* Resources */ = {
			isa = PBXResourcesBuildPhase;
			buildActionMask = 2147483647;
			files = (
				70A089FD2C0A765D007842CF /* Assets.xcassets in Resources */,
				70A08A002C0A765D007842CF /* Base in Resources */,
				70A089FB2C0A765C007842CF /* Base in Resources */,
			);
			runOnlyForDeploymentPostprocessing = 0;
		};
/* End PBXResourcesBuildPhase section */

/* Begin PBXSourcesBuildPhase section */
		70A089EC2C0A765C007842CF /* Sources */ = {
			isa = PBXSourcesBuildPhase;
			buildActionMask = 2147483647;
			files = (
				70A089F82C0A765C007842CF /* HomeViewController.swift in Sources */,
				70A394332C13EED600B11EA8 /* OrderTrackViewController.swift in Sources */,
				70A394312C13EEAC00B11EA8 /* RecommendationViewController.swift in Sources */,
				70A394372C13EF4800B11EA8 /* FeedbackViewController.swift in Sources */,
				70A394392C13EF8600B11EA8 /* SocialSharingViewController.swift in Sources */,
				70A394352C13EF0D00B11EA8 /* StoreLocatorViewController.swift in Sources */,
				70A3942D2C13EE2800B11EA8 /* OrderViewController.swift in Sources */,
				70A3943B2C13F05200B11EA8 /* PaymentViewController.swift in Sources */,
				70A089F42C0A765C007842CF /* AppDelegate.swift in Sources */,
				70A3942F2C13EE6F00B11EA8 /* RewardsViewController.swift in Sources */,
				70A089F62C0A765C007842CF /* SceneDelegate.swift in Sources */,
				70A3942B2C13EDEA00B11EA8 /* DetailsViewController.swift in Sources */,
			);
			runOnlyForDeploymentPostprocessing = 0;
		};
/* End PBXSourcesBuildPhase section */

/* Begin PBXVariantGroup section */
		70A089F92C0A765C007842CF /* Main.storyboard */ = {
			isa = PBXVariantGroup;
			children = (
				70A089FA2C0A765C007842CF /* Base */,
			);
			name = Main.storyboard;
			sourceTree = "<group>";
		};
		70A089FE2C0A765D007842CF /* LaunchScreen.storyboard */ = {
			isa = PBXVariantGroup;
			children = (
				70A089FF2C0A765D007842CF /* Base */,
			);
			name = LaunchScreen.storyboard;
			sourceTree = "<group>";
		};
/* End PBXVariantGroup section */

/* Begin XCBuildConfiguration section */
		70A08A022C0A765D007842CF /* Debug */ = {
			isa = XCBuildConfiguration;
			buildSettings = {
				ALWAYS_SEARCH_USER_PATHS = NO;
				ASSETCATALOG_COMPILER_GENERATE_SWIFT_ASSET_SYMBOL_EXTENSIONS = YES;
				CLANG_ANALYZER_NONNULL = YES;
				CLANG_ANALYZER_NUMBER_OBJECT_CONVERSION = YES_AGGRESSIVE;
				CLANG_CXX_LANGUAGE_STANDARD = "gnu++20";
				CLANG_ENABLE_MODULES = YES;
				CLANG_ENABLE_OBJC_ARC = YES;
				CLANG_ENABLE_OBJC_WEAK = YES;
				CLANG_WARN_BLOCK_CAPTURE_AUTORELEASING = YES;
				CLANG_WARN_BOOL_CONVERSION = YES;
				CLANG_WARN_COMMA = YES;
				CLANG_WARN_CONSTANT_CONVERSION = YES;
				CLANG_WARN_DEPRECATED_OBJC_IMPLEMENTATIONS = YES;
				CLANG_WARN_DIRECT_OBJC_ISA_USAGE = YES_ERROR;
				CLANG_WARN_DOCUMENTATION_COMMENTS = YES;
				CLANG_WARN_EMPTY_BODY = YES;
				CLANG_WARN_ENUM_CONVERSION = YES;
				CLANG_WARN_INFINITE_RECURSION = YES;
				CLANG_WARN_INT_CONVERSION = YES;
				CLANG_WARN_NON_LITERAL_NULL_CONVERSION = YES;
				CLANG_WARN_OBJC_IMPLICIT_RETAIN_SELF = YES;
				CLANG_WARN_OBJC_LITERAL_CONVERSION = YES;
				CLANG_WARN_OBJC_ROOT_CLASS = YES_ERROR;
				CLANG_WARN_QUOTED_INCLUDE_IN_FRAMEWORK_HEADER = YES;
				CLANG_WARN_RANGE_LOOP_ANALYSIS = YES;
				CLANG_WARN_STRICT_PROTOTYPES = YES;
				CLANG_WARN_SUSPICIOUS_MOVE = YES;
				CLANG_WARN_UNGUARDED_AVAILABILITY = YES_AGGRESSIVE;
				CLANG_WARN_UNREACHABLE_CODE = YES;
				CLANG_WARN__DUPLICATE_METHOD_MATCH = YES;
				COPY_PHASE_STRIP = NO;
				DEBUG_INFORMATION_FORMAT = dwarf;
				ENABLE_STRICT_OBJC_MSGSEND = YES;
				ENABLE_TESTABILITY = YES;
				ENABLE_USER_SCRIPT_SANDBOXING = YES;
				GCC_C_LANGUAGE_STANDARD = gnu17;
				GCC_DYNAMIC_NO_PIC = NO;
				GCC_NO_COMMON_BLOCKS = YES;
				GCC_OPTIMIZATION_LEVEL = 0;
				GCC_PREPROCESSOR_DEFINITIONS = (
					"DEBUG=1",
					"$(inherited)",
				);
				GCC_WARN_64_TO_32_BIT_CONVERSION = YES;
				GCC_WARN_ABOUT_RETURN_TYPE = YES_ERROR;
				GCC_WARN_UNDECLARED_SELECTOR = YES;
				GCC_WARN_UNINITIALIZED_AUTOS = YES_AGGRESSIVE;
				GCC_WARN_UNUSED_FUNCTION = YES;
				GCC_WARN_UNUSED_VARIABLE = YES;
				IPHONEOS_DEPLOYMENT_TARGET = 17.4;
				LOCALIZATION_PREFERS_STRING_CATALOGS = YES;
				MTL_ENABLE_DEBUG_INFO = INCLUDE_SOURCE;
				MTL_FAST_MATH = YES;
				ONLY_ACTIVE_ARCH = YES;
				SDKROOT = iphoneos;
				SWIFT_ACTIVE_COMPILATION_CONDITIONS = "DEBUG $(inherited)";
				SWIFT_OPTIMIZATION_LEVEL = "-Onone";
			};
			name = Debug;
		};
		70A08A032C0A765D007842CF /* Release */ = {
			isa = XCBuildConfiguration;
			buildSettings = {
				ALWAYS_SEARCH_USER_PATHS = NO;
				ASSETCATALOG_COMPILER_GENERATE_SWIFT_ASSET_SYMBOL_EXTENSIONS = YES;
				CLANG_ANALYZER_NONNULL = YES;
				CLANG_ANALYZER_NUMBER_OBJECT_CONVERSION = YES_AGGRESSIVE;
				CLANG_CXX_LANGUAGE_STANDARD = "gnu++20";
				CLANG_ENABLE_MODULES = YES;
				CLANG_ENABLE_OBJC_ARC = YES;
				CLANG_ENABLE_OBJC_WEAK = YES;
				CLANG_WARN_BLOCK_CAPTURE_AUTORELEASING = YES;
				CLANG_WARN_BOOL_CONVERSION = YES;
				CLANG_WARN_COMMA = YES;
				CLANG_WARN_CONSTANT_CONVERSION = YES;
				CLANG_WARN_DEPRECATED_OBJC_IMPLEMENTATIONS = YES;
				CLANG_WARN_DIRECT_OBJC_ISA_USAGE = YES_ERROR;
				CLANG_WARN_DOCUMENTATION_COMMENTS = YES;
				CLANG_WARN_EMPTY_BODY = YES;
				CLANG_WARN_ENUM_CONVERSION = YES;
				CLANG_WARN_INFINITE_RECURSION = YES;
				CLANG_WARN_INT_CONVERSION = YES;
				CLANG_WARN_NON_LITERAL_NULL_CONVERSION = YES;
				CLANG_WARN_OBJC_IMPLICIT_RETAIN_SELF = YES;
				CLANG_WARN_OBJC_LITERAL_CONVERSION = YES;
				CLANG_WARN_OBJC_ROOT_CLASS = YES_ERROR;
				CLANG_WARN_QUOTED_INCLUDE_IN_FRAMEWORK_HEADER = YES;
				CLANG_WARN_RANGE_LOOP_ANALYSIS = YES;
				CLANG_WARN_STRICT_PROTOTYPES = YES;
				CLANG_WARN_SUSPICIOUS_MOVE = YES;
				CLANG_WARN_UNGUARDED_AVAILABILITY = YES_AGGRESSIVE;
				CLANG_WARN_UNREACHABLE_CODE = YES;
				CLANG_WARN__DUPLICATE_METHOD_MATCH = YES;
				COPY_PHASE_STRIP = NO;
				DEBUG_INFORMATION_FORMAT = "dwarf-with-dsym";
				ENABLE_NS_ASSERTIONS = NO;
				ENABLE_STRICT_OBJC_MSGSEND = YES;
				ENABLE_USER_SCRIPT_SANDBOXING = YES;
				GCC_C_LANGUAGE_STANDARD = gnu17;
				GCC_NO_COMMON_BLOCKS = YES;
				GCC_WARN_64_TO_32_BIT_CONVERSION = YES;
				GCC_WARN_ABOUT_RETURN_TYPE = YES_ERROR;
				GCC_WARN_UNDECLARED_SELECTOR = YES;
				GCC_WARN_UNINITIALIZED_AUTOS = YES_AGGRESSIVE;
				GCC_WARN_UNUSED_FUNCTION = YES;
				GCC_WARN_UNUSED_VARIABLE = YES;
				IPHONEOS_DEPLOYMENT_TARGET = 17.4;
				LOCALIZATION_PREFERS_STRING_CATALOGS = YES;
				MTL_ENABLE_DEBUG_INFO = NO;
				MTL_FAST_MATH = YES;
				SDKROOT = iphoneos;
				SWIFT_COMPILATION_MODE = wholemodule;
				VALIDATE_PRODUCT = YES;
			};
			name = Release;
		};
		70A08A052C0A765D007842CF /* Debug */ = {
			isa = XCBuildConfiguration;
			buildSettings = {
				ASSETCATALOG_COMPILER_APPICON_NAME = AppIcon;
				ASSETCATALOG_COMPILER_GLOBAL_ACCENT_COLOR_NAME = AccentColor;
				CODE_SIGN_STYLE = Automatic;
				CURRENT_PROJECT_VERSION = 1;
				GENERATE_INFOPLIST_FILE = YES;
				INFOPLIST_FILE = FrostySwirls/Info.plist;
				INFOPLIST_KEY_UIApplicationSupportsIndirectInputEvents = YES;
				INFOPLIST_KEY_UILaunchStoryboardName = LaunchScreen;
				INFOPLIST_KEY_UIMainStoryboardFile = Main;
				INFOPLIST_KEY_UISupportedInterfaceOrientations_iPad = "UIInterfaceOrientationPortrait UIInterfaceOrientationPortraitUpsideDown UIInterfaceOrientationLandscapeLeft UIInterfaceOrientationLandscapeRight";
				INFOPLIST_KEY_UISupportedInterfaceOrientations_iPhone = "UIInterfaceOrientationPortrait UIInterfaceOrientationLandscapeLeft UIInterfaceOrientationLandscapeRight";
				LD_RUNPATH_SEARCH_PATHS = (
					"$(inherited)",
					"@executable_path/Frameworks",
				);
				MARKETING_VERSION = 1.0;
				PRODUCT_BUNDLE_IDENTIFIER = com.trios2024sd.FrostySwirls;
				PRODUCT_NAME = "$(TARGET_NAME)";
				SWIFT_EMIT_LOC_STRINGS = YES;
				SWIFT_VERSION = 5.0;
				TARGETED_DEVICE_FAMILY = "1,2";
			};
			name = Debug;
		};
		70A08A062C0A765D007842CF /* Release */ = {
			isa = XCBuildConfiguration;
			buildSettings = {
				ASSETCATALOG_COMPILER_APPICON_NAME = AppIcon;
				ASSETCATALOG_COMPILER_GLOBAL_ACCENT_COLOR_NAME = AccentColor;
				CODE_SIGN_STYLE = Automatic;
				CURRENT_PROJECT_VERSION = 1;
				GENERATE_INFOPLIST_FILE = YES;
				INFOPLIST_FILE = FrostySwirls/Info.plist;
				INFOPLIST_KEY_UIApplicationSupportsIndirectInputEvents = YES;
				INFOPLIST_KEY_UILaunchStoryboardName = LaunchScreen;
				INFOPLIST_KEY_UIMainStoryboardFile = Main;
				INFOPLIST_KEY_UISupportedInterfaceOrientations_iPad = "UIInterfaceOrientationPortrait UIInterfaceOrientationPortraitUpsideDown UIInterfaceOrientationLandscapeLeft UIInterfaceOrientationLandscapeRight";
				INFOPLIST_KEY_UISupportedInterfaceOrientations_iPhone = "UIInterfaceOrientationPortrait UIInterfaceOrientationLandscapeLeft UIInterfaceOrientationLandscapeRight";
				LD_RUNPATH_SEARCH_PATHS = (
					"$(inherited)",
					"@executable_path/Frameworks",
				);
				MARKETING_VERSION = 1.0;
				PRODUCT_BUNDLE_IDENTIFIER = com.trios2024sd.FrostySwirls;
				PRODUCT_NAME = "$(TARGET_NAME)";
				SWIFT_EMIT_LOC_STRINGS = YES;
				SWIFT_VERSION = 5.0;
				TARGETED_DEVICE_FAMILY = "1,2";
			};
			name = Release;
		};
/* End XCBuildConfiguration section */

/* Begin XCConfigurationList section */
		70A089EB2C0A765C007842CF /* Build configuration list for PBXProject "FrostySwirls" */ = {
			isa = XCConfigurationList;
			buildConfigurations = (
				70A08A022C0A765D007842CF /* Debug */,
				70A08A032C0A765D007842CF /* Release */,
			);
			defaultConfigurationIsVisible = 0;
			defaultConfigurationName = Release;
		};
		70A08A042C0A765D007842CF /* Build configuration list for PBXNativeTarget "FrostySwirls" */ = {
			isa = XCConfigurationList;
			buildConfigurations = (
				70A08A052C0A765D007842CF /* Debug */,
				70A08A062C0A765D007842CF /* Release */,
			);
			defaultConfigurationIsVisible = 0;
			defaultConfigurationName = Release;
		};
/* End XCConfigurationList section */
	};
	rootObject = 70A089E82C0A765C007842CF /* Project object */;
}
